# THIS IS AN AUTOGENERATED FILE. DO NOT EDIT THIS FILE DIRECTLY.
# yarn lockfile v1


ast-types@0.12.3:
  version "0.12.3"
  resolved "https://registry.yarnpkg.com/ast-types/-/ast-types-0.12.3.tgz#2299c6201d34b2a749a2dd9f2de7ef5f0e84f423"
  integrity sha512-wJUcAfrdW+IgDoMGNz5MmcvahKgB7BwIbLupdKVVHxHNYt+HVR2k35swdYNv9aZpF8nvlkjbnkp2rrNwxGckZA==

esprima@~4.0.0:
  version "4.0.1"
  resolved "https://registry.yarnpkg.com/esprima/-/esprima-4.0.1.tgz#13b04cdb3e6c5d19df91ab6987a8695619b0aa71"
  integrity sha512-eGuFFw7Upda+g4p+QHvnW0RyTX/SVeJBDM/gCtMARO0cLuT2HcEKnTPvhjV6aGeqrCB/sbNop0Kszm0jsaWU4A==

private@^0.1.8:
  version "0.1.8"
  resolved "https://registry.yarnpkg.com/private/-/private-0.1.8.tgz#2381edb3689f7a53d653190060fcf822d2f368ff"
  integrity sha512-VvivMrbvd2nKkiG38qjULzlc+4Vx4wm/whI9pQD35YrARNnhxeiRktSOhSukRLFNlzg6Br/cJPet5J/u19r/mg==

recast@^0.17.5:
  version "0.17.5"
  resolved "https://registry.yarnpkg.com/recast/-/recast-0.17.5.tgz#cbba5757867b34826dbea3fffcee6225ba2cee3d"
  integrity sha512-K+DgfAMIyEjNKjaFSWgg9TTu7wFgU/4KTyw4E9vl6M5QPDuUYbyt49Yzb0EIDbZks+6lXk/UZ9eTuE4jlLyf2A==
  dependencies:
    ast-types "0.12.3"
    esprima "~4.0.0"
    private "^0.1.8"
    source-map "~0.6.1"

source-map@~0.6.1:
  version "0.6.1"
  resolved "https://registry.yarnpkg.com/source-map/-/source-map-0.6.1.tgz#74722af32e9614e9c287a8d0bbde48b5e2f1a263"
  integrity sha512-UjgapumWlbMhkBgzT7Ykc5YXUT46F0iKu8SGXq0bcwP5dz/h0Plj6enJqjz1Zbq2l5WaqYnrVbwWOWMyF3F47g==
